
Microsoft Visual Studio Solution File, Format Version 12.00
# Visual Studio Express 2013 for Windows Desktop
VisualStudioVersion = 12.0.40629.0
MinimumVisualStudioVersion = 10.0.40219.1
Project("{FAE04EC0-301F-11D3-BF4B-00C04F79EFBC}") = "FYP16_WinFormsApp_II", "FYP16_WinFormsApp_II\FYP16_WinFormsApp_II.csproj", "{75A4A610-5758-4614-9D7B-D89E4150E03D}"
EndProject
Project("{FAE04EC0-301F-11D3-BF4B-00C04F79EFBC}") = "PottyTrace", "PottyTrace\PottyTrace.csproj", "{7DE2F31B-056A-46DC-9006-B0710C7F1031}"
EndProject
Global
	GlobalSection(SolutionConfigurationPlatforms) = preSolution
		Debug|Any CPU = Debug|Any CPU
		Release|Any CPU = Release|Any CPU
	EndGlobalSection
	GlobalSection(ProjectConfigurationPlatforms) = postSolution
		{75A4A610-5758-4614-9D7B-D89E4150E03D}.Debug|Any CPU.ActiveCfg = Debug|Any CPU
		{75A4A610-5758-4614-9D7B-D89E4150E03D}.Debug|Any CPU.Build.0 = Debug|Any CPU
		{75A4A610-5758-4614-9D7B-D89E4150E03D}.Release|Any CPU.ActiveCfg = Release|Any CPU
		{75A4A610-5758-4614-9D7B-D89E4150E03D}.Release|Any CPU.Build.0 = Release|Any CPU
		{7DE2F31B-056A-46DC-9006-B0710C7F1031}.Debug|Any CPU.ActiveCfg = Debug|Any CPU
		{7DE2F31B-056A-46DC-9006-B0710C7F1031}.Debug|Any CPU.Build.0 = Debug|Any CPU
		{7DE2F31B-056A-46DC-9006-B0710C7F1031}.Release|Any CPU.ActiveCfg = Release|Any CPU
		{7DE2F31B-056A-46DC-9006-B0710C7F1031}.Release|Any CPU.Build.0 = Release|Any CPU
	EndGlobalSection
	GlobalSection(SolutionProperties) = preSolution
		HideSolutionNode = FALSE
	EndGlobalSection
EndGlobal
